{
    "version": 3,
    "terraform_version": "0.11.6",
    "serial": 10,
    "lineage": "31695b47-16ae-0b77-44e4-40a1bf952ef3",
    "modules": [
        {
            "path": [
                "root"
            ],
            "outputs": {},
            "resources": {
                "digitalocean_droplet.disruptsocialnode1": {
                    "type": "digitalocean_droplet",
                    "depends_on": [],
                    "primary": {
                        "id": "88852421",
                        "attributes": {
                            "disk": "60",
                            "id": "88852421",
                            "image": "ubuntu-16-04-x64",
                            "ipv4_address": "104.131.176.82",
                            "ipv4_address_private": "10.132.130.99",
                            "locked": "false",
                            "name": "node1.disrupsocial.network",
                            "price_hourly": "0.05952",
                            "price_monthly": "40",
                            "private_networking": "true",
                            "region": "nyc3",
                            "resize_disk": "true",
                            "size": "4gb",
                            "ssh_keys.#": "1",
                            "ssh_keys.0": "7a:73:02:97:f6:7e:cd:cb:9b:7e:16:34:e0:4a:83:3c",
                            "status": "active",
                            "tags.#": "0",
                            "vcpus": "2"
                        },
                        "meta": {},
                        "tainted": false
                    },
                    "deposed": [],
                    "provider": "provider.digitalocean"
                },
                "digitalocean_droplet.disruptsocialnode2": {
                    "type": "digitalocean_droplet",
                    "depends_on": [],
                    "primary": {
                        "id": "88852422",
                        "attributes": {
                            "disk": "60",
                            "id": "88852422",
                            "image": "ubuntu-16-04-x64",
                            "ipv4_address": "104.236.5.146",
                            "ipv4_address_private": "10.132.130.101",
                            "locked": "false",
                            "name": "node2.disrupsocial.network",
                            "price_hourly": "0.05952",
                            "price_monthly": "40",
                            "private_networking": "true",
                            "region": "nyc3",
                            "resize_disk": "true",
                            "size": "4gb",
                            "ssh_keys.#": "1",
                            "ssh_keys.0": "7a:73:02:97:f6:7e:cd:cb:9b:7e:16:34:e0:4a:83:3c",
                            "status": "active",
                            "tags.#": "0",
                            "vcpus": "2"
                        },
                        "meta": {},
                        "tainted": false
                    },
                    "deposed": [],
                    "provider": "provider.digitalocean"
                }
            },
            "depends_on": []
        }
    ]
}
