{
    "version": 3,
    "terraform_version": "0.11.6",
    "serial": 2,
    "lineage": "1ad7ff98-d668-6d91-a2a4-3db5e1d2cabc",
    "modules": [
        {
            "path": [
                "root"
            ],
            "outputs": {},
            "resources": {
                "digitalocean_droplet.lb": {
                    "type": "digitalocean_droplet",
                    "depends_on": [
                        "digitalocean_droplet.node1",
                        "digitalocean_droplet.node2"
                    ],
                    "primary": {
                        "id": "88860454",
                        "attributes": {
                            "disk": "20",
                            "id": "88860454",
                            "image": "ubuntu-16-04-x64",
                            "ipv4_address": "104.131.187.251",
                            "ipv4_address_private": "10.132.100.204",
                            "locked": "false",
                            "name": "lb",
                            "price_hourly": "0.00744",
                            "price_monthly": "5",
                            "private_networking": "true",
                            "region": "nyc3",
                            "resize_disk": "true",
                            "size": "512mb",
                            "ssh_keys.#": "1",
                            "ssh_keys.0": "7a:73:02:97:f6:7e:cd:cb:9b:7e:16:34:e0:4a:83:3c",
                            "status": "active",
                            "tags.#": "0",
                            "vcpus": "1"
                        },
                        "meta": {},
                        "tainted": false
                    },
                    "deposed": [],
                    "provider": "provider.digitalocean"
                },
                "digitalocean_droplet.node1": {
                    "type": "digitalocean_droplet",
                    "depends_on": [],
                    "primary": {
                        "id": "88860378",
                        "attributes": {
                            "disk": "60",
                            "id": "88860378",
                            "image": "ubuntu-16-04-x64",
                            "ipv4_address": "104.131.83.82",
                            "ipv4_address_private": "10.132.100.191",
                            "locked": "false",
                            "name": "node1",
                            "price_hourly": "0.05952",
                            "price_monthly": "40",
                            "private_networking": "true",
                            "region": "nyc3",
                            "resize_disk": "true",
                            "size": "4gb",
                            "ssh_keys.#": "1",
                            "ssh_keys.0": "7a:73:02:97:f6:7e:cd:cb:9b:7e:16:34:e0:4a:83:3c",
                            "status": "active",
                            "tags.#": "0",
                            "vcpus": "2"
                        },
                        "meta": {},
                        "tainted": false
                    },
                    "deposed": [],
                    "provider": "provider.digitalocean"
                },
                "digitalocean_droplet.node2": {
                    "type": "digitalocean_droplet",
                    "depends_on": [],
                    "primary": {
                        "id": "88860377",
                        "attributes": {
                            "disk": "60",
                            "id": "88860377",
                            "image": "ubuntu-16-04-x64",
                            "ipv4_address": "104.131.7.34",
                            "ipv4_address_private": "10.132.67.99",
                            "locked": "false",
                            "name": "node2",
                            "price_hourly": "0.05952",
                            "price_monthly": "40",
                            "private_networking": "true",
                            "region": "nyc3",
                            "resize_disk": "true",
                            "size": "4gb",
                            "ssh_keys.#": "1",
                            "ssh_keys.0": "7a:73:02:97:f6:7e:cd:cb:9b:7e:16:34:e0:4a:83:3c",
                            "status": "active",
                            "tags.#": "0",
                            "vcpus": "2"
                        },
                        "meta": {},
                        "tainted": false
                    },
                    "deposed": [],
                    "provider": "provider.digitalocean"
                }
            },
            "depends_on": []
        }
    ]
}
